// !$*UTF8*$!
{
	archiveVersion = 1;
	classes = {
	};
	objectVersion = 55;
	objects = {

/* Begin PBXBuildFile section */
		DAE2851B280C6ED100A452BF /* Campus_GuidebookApp.swift in Sources */ = {isa = PBXBuildFile; fileRef = DAE2851A280C6ED100A452BF /* Campus_GuidebookApp.swift */; };
		DAE2851D280C6ED100A452BF /* ContentView.swift in Sources */ = {isa = PBXBuildFile; fileRef = DAE2851C280C6ED100A452BF /* ContentView.swift */; };
		DAE2851F280C6ED300A452BF /* Assets.xcassets in Resources */ = {isa = PBXBuildFile; fileRef = DAE2851E280C6ED300A452BF /* Assets.xcassets */; };
		DAE28522280C6ED300A452BF /* Preview Assets.xcassets in Resources */ = {isa = PBXBuildFile; fileRef = DAE28521280C6ED300A452BF /* Preview Assets.xcassets */; };
		DAE28524280C6ED300A452BF /* Persistence.swift in Sources */ = {isa = PBXBuildFile; fileRef = DAE28523280C6ED300A452BF /* Persistence.swift */; };
		DAE28527280C6ED300A452BF /* Campus_Guidebook.xcdatamodeld in Sources */ = {isa = PBXBuildFile; fileRef = DAE28525280C6ED300A452BF /* Campus_Guidebook.xcdatamodeld */; };
		DAE28531280C6ED300A452BF /* Campus_GuidebookTests.swift in Sources */ = {isa = PBXBuildFile; fileRef = DAE28530280C6ED300A452BF /* Campus_GuidebookTests.swift */; };
		DAE2853B280C6ED300A452BF /* Campus_GuidebookUITests.swift in Sources */ = {isa = PBXBuildFile; fileRef = DAE2853A280C6ED300A452BF /* Campus_GuidebookUITests.swift */; };
		DAE2853D280C6ED300A452BF /* Campus_GuidebookUITestsLaunchTests.swift in Sources */ = {isa = PBXBuildFile; fileRef = DAE2853C280C6ED300A452BF /* Campus_GuidebookUITestsLaunchTests.swift */; };
/* End PBXBuildFile section */

/* Begin PBXContainerItemProxy section */
		DAE2852D280C6ED300A452BF /* PBXContainerItemProxy */ = {
			isa = PBXContainerItemProxy;
			containerPortal = DAE2850F280C6ED100A452BF /* Project object */;
			proxyType = 1;
			remoteGlobalIDString = DAE28516280C6ED100A452BF;
			remoteInfo = "Campus-Guidebook";
		};
		DAE28537280C6ED300A452BF /* PBXContainerItemProxy */ = {
			isa = PBXContainerItemProxy;
			containerPortal = DAE2850F280C6ED100A452BF /* Project object */;
			proxyType = 1;
			remoteGlobalIDString = DAE28516280C6ED100A452BF;
			remoteInfo = "Campus-Guidebook";
		};
/* End PBXContainerItemProxy section */

/* Begin PBXFileReference section */
		DAE28517280C6ED100A452BF /* Campus-Guidebook.app */ = {isa = PBXFileReference; explicitFileType = wrapper.application; includeInIndex = 0; path = "Campus-Guidebook.app"; sourceTree = BUILT_PRODUCTS_DIR; };
		DAE2851A280C6ED100A452BF /* Campus_GuidebookApp.swift */ = {isa = PBXFileReference; lastKnownFileType = sourcecode.swift; path = Campus_GuidebookApp.swift; sourceTree = "<group>"; };
		DAE2851C280C6ED100A452BF /* ContentView.swift */ = {isa = PBXFileReference; lastKnownFileType = sourcecode.swift; path = ContentView.swift; sourceTree = "<group>"; };
		DAE2851E280C6ED300A452BF /* Assets.xcassets */ = {isa = PBXFileReference; lastKnownFileType = folder.assetcatalog; path = Assets.xcassets; sourceTree = "<group>"; };
		DAE28521280C6ED300A452BF /* Preview Assets.xcassets */ = {isa = PBXFileReference; lastKnownFileType = folder.assetcatalog; path = "Preview Assets.xcassets"; sourceTree = "<group>"; };
		DAE28523280C6ED300A452BF /* Persistence.swift */ = {isa = PBXFileReference; lastKnownFileType = sourcecode.swift; path = Persistence.swift; sourceTree = "<group>"; };
		DAE28526280C6ED300A452BF /* Campus_Guidebook.xcdatamodel */ = {isa = PBXFileReference; lastKnownFileType = wrapper.xcdatamodel; path = Campus_Guidebook.xcdatamodel; sourceTree = "<group>"; };
		DAE2852C280C6ED300A452BF /* Campus-GuidebookTests.xctest */ = {isa = PBXFileReference; explicitFileType = wrapper.cfbundle; includeInIndex = 0; path = "Campus-GuidebookTests.xctest"; sourceTree = BUILT_PRODUCTS_DIR; };
		DAE28530280C6ED300A452BF /* Campus_GuidebookTests.swift */ = {isa = PBXFileReference; lastKnownFileType = sourcecode.swift; path = Campus_GuidebookTests.swift; sourceTree = "<group>"; };
		DAE28536280C6ED300A452BF /* Campus-GuidebookUITests.xctest */ = {isa = PBXFileReference; explicitFileType = wrapper.cfbundle; includeInIndex = 0; path = "Campus-GuidebookUITests.xctest"; sourceTree = BUILT_PRODUCTS_DIR; };
		DAE2853A280C6ED300A452BF /* Campus_GuidebookUITests.swift */ = {isa = PBXFileReference; lastKnownFileType = sourcecode.swift; path = Campus_GuidebookUITests.swift; sourceTree = "<group>"; };
		DAE2853C280C6ED300A452BF /* Campus_GuidebookUITestsLaunchTests.swift */ = {isa = PBXFileReference; lastKnownFileType = sourcecode.swift; path = Campus_GuidebookUITestsLaunchTests.swift; sourceTree = "<group>"; };
/* End PBXFileReference section */

/* Begin PBXFrameworksBuildPhase section */
		DAE28514280C6ED100A452BF /* Frameworks */ = {
			isa = PBXFrameworksBuildPhase;
			buildActionMask = 2147483647;
			files = (
			);
			runOnlyForDeploymentPostprocessing = 0;
		};
		DAE28529280C6ED300A452BF /* Frameworks */ = {
			isa = PBXFrameworksBuildPhase;
			buildActionMask = 2147483647;
			files = (
			);
			runOnlyForDeploymentPostprocessing = 0;
		};
		DAE28533280C6ED300A452BF /* Frameworks */ = {
			isa = PBXFrameworksBuildPhase;
			buildActionMask = 2147483647;
			files = (
			);
			runOnlyForDeploymentPostprocessing = 0;
		};
/* End PBXFrameworksBuildPhase section */

/* Begin PBXGroup section */
		DAE2850E280C6ED100A452BF = {
			isa = PBXGroup;
			children = (
				DAE28519280C6ED100A452BF /* Campus-Guidebook */,
				DAE2852F280C6ED300A452BF /* Campus-GuidebookTests */,
				DAE28539280C6ED300A452BF /* Campus-GuidebookUITests */,
				DAE28518280C6ED100A452BF /* Products */,
			);
			sourceTree = "<group>";
		};
		DAE28518280C6ED100A452BF /* Products */ = {
			isa = PBXGroup;
			children = (
				DAE28517280C6ED100A452BF /* Campus-Guidebook.app */,
				DAE2852C280C6ED300A452BF /* Campus-GuidebookTests.xctest */,
				DAE28536280C6ED300A452BF /* Campus-GuidebookUITests.xctest */,
			);
			name = Products;
			sourceTree = "<group>";
		};
		DAE28519280C6ED100A452BF /* Campus-Guidebook */ = {
			isa = PBXGroup;
			children = (
				DAE2851A280C6ED100A452BF /* Campus_GuidebookApp.swift */,
				DAE2851C280C6ED100A452BF /* ContentView.swift */,
				DAE2851E280C6ED300A452BF /* Assets.xcassets */,
				DAE28523280C6ED300A452BF /* Persistence.swift */,
				DAE28525280C6ED300A452BF /* Campus_Guidebook.xcdatamodeld */,
				DAE28520280C6ED300A452BF /* Preview Content */,
			);
			path = "Campus-Guidebook";
			sourceTree = "<group>";
		};
		DAE28520280C6ED300A452BF /* Preview Content */ = {
			isa = PBXGroup;
			children = (
				DAE28521280C6ED300A452BF /* Preview Assets.xcassets */,
			);
			path = "Preview Content";
			sourceTree = "<group>";
		};
		DAE2852F280C6ED300A452BF /* Campus-GuidebookTests */ = {
			isa = PBXGroup;
			children = (
				DAE28530280C6ED300A452BF /* Campus_GuidebookTests.swift */,
			);
			path = "Campus-GuidebookTests";
			sourceTree = "<group>";
		};
		DAE28539280C6ED300A452BF /* Campus-GuidebookUITests */ = {
			isa = PBXGroup;
			children = (
				DAE2853A280C6ED300A452BF /* Campus_GuidebookUITests.swift */,
				DAE2853C280C6ED300A452BF /* Campus_GuidebookUITestsLaunchTests.swift */,
			);
			path = "Campus-GuidebookUITests";
			sourceTree = "<group>";
		};
/* End PBXGroup section */

/* Begin PBXNativeTarget section */
		DAE28516280C6ED100A452BF /* Campus-Guidebook */ = {
			isa = PBXNativeTarget;
			buildConfigurationList = DAE28540280C6ED300A452BF /* Build configuration list for PBXNativeTarget "Campus-Guidebook" */;
			buildPhases = (
				DAE28513280C6ED100A452BF /* Sources */,
				DAE28514280C6ED100A452BF /* Frameworks */,
				DAE28515280C6ED100A452BF /* Resources */,
			);
			buildRules = (
			);
			dependencies = (
			);
			name = "Campus-Guidebook";
			productName = "Campus-Guidebook";
			productReference = DAE28517280C6ED100A452BF /* Campus-Guidebook.app */;
			productType = "com.apple.product-type.application";
		};
		DAE2852B280C6ED300A452BF /* Campus-GuidebookTests */ = {
			isa = PBXNativeTarget;
			buildConfigurationList = DAE28543280C6ED300A452BF /* Build configuration list for PBXNativeTarget "Campus-GuidebookTests" */;
			buildPhases = (
				DAE28528280C6ED300A452BF /* Sources */,
				DAE28529280C6ED300A452BF /* Frameworks */,
				DAE2852A280C6ED300A452BF /* Resources */,
			);
			buildRules = (
			);
			dependencies = (
				DAE2852E280C6ED300A452BF /* PBXTargetDependency */,
			);
			name = "Campus-GuidebookTests";
			productName = "Campus-GuidebookTests";
			productReference = DAE2852C280C6ED300A452BF /* Campus-GuidebookTests.xctest */;
			productType = "com.apple.product-type.bundle.unit-test";
		};
		DAE28535280C6ED300A452BF /* Campus-GuidebookUITests */ = {
			isa = PBXNativeTarget;
			buildConfigurationList = DAE28546280C6ED300A452BF /* Build configuration list for PBXNativeTarget "Campus-GuidebookUITests" */;
			buildPhases = (
				DAE28532280C6ED300A452BF /* Sources */,
				DAE28533280C6ED300A452BF /* Frameworks */,
				DAE28534280C6ED300A452BF /* Resources */,
			);
			buildRules = (
			);
			dependencies = (
				DAE28538280C6ED300A452BF /* PBXTargetDependency */,
			);
			name = "Campus-GuidebookUITests";
			productName = "Campus-GuidebookUITests";
			productReference = DAE28536280C6ED300A452BF /* Campus-GuidebookUITests.xctest */;
			productType = "com.apple.product-type.bundle.ui-testing";
		};
/* End PBXNativeTarget section */

/* Begin PBXProject section */
		DAE2850F280C6ED100A452BF /* Project object */ = {
			isa = PBXProject;
			attributes = {
				BuildIndependentTargetsInParallel = 1;
				LastSwiftUpdateCheck = 1330;
				LastUpgradeCheck = 1330;
				TargetAttributes = {
					DAE28516280C6ED100A452BF = {
						CreatedOnToolsVersion = 13.3;
					};
					DAE2852B280C6ED300A452BF = {
						CreatedOnToolsVersion = 13.3;
						TestTargetID = DAE28516280C6ED100A452BF;
					};
					DAE28535280C6ED300A452BF = {
						CreatedOnToolsVersion = 13.3;
						TestTargetID = DAE28516280C6ED100A452BF;
					};
				};
			};
			buildConfigurationList = DAE28512280C6ED100A452BF /* Build configuration list for PBXProject "Campus-Guidebook" */;
			compatibilityVersion = "Xcode 13.0";
			developmentRegion = en;
			hasScannedForEncodings = 0;
			knownRegions = (
				en,
				Base,
			);
			mainGroup = DAE2850E280C6ED100A452BF;
			productRefGroup = DAE28518280C6ED100A452BF /* Products */;
			projectDirPath = "";
			projectRoot = "";
			targets = (
				DAE28516280C6ED100A452BF /* Campus-Guidebook */,
				DAE2852B280C6ED300A452BF /* Campus-GuidebookTests */,
				DAE28535280C6ED300A452BF /* Campus-GuidebookUITests */,
			);
		};
/* End PBXProject section */

/* Begin PBXResourcesBuildPhase section */
		DAE28515280C6ED100A452BF /* Resources */ = {
			isa = PBXResourcesBuildPhase;
			buildActionMask = 2147483647;
			files = (
				DAE28522280C6ED300A452BF /* Preview Assets.xcassets in Resources */,
				DAE2851F280C6ED300A452BF /* Assets.xcassets in Resources */,
			);
			runOnlyForDeploymentPostprocessing = 0;
		};
		DAE2852A280C6ED300A452BF /* Resources */ = {
			isa = PBXResourcesBuildPhase;
			buildActionMask = 2147483647;
			files = (
			);
			runOnlyForDeploymentPostprocessing = 0;
		};
		DAE28534280C6ED300A452BF /* Resources */ = {
			isa = PBXResourcesBuildPhase;
			buildActionMask = 2147483647;
			files = (
			);
			runOnlyForDeploymentPostprocessing = 0;
		};
/* End PBXResourcesBuildPhase section */

/* Begin PBXSourcesBuildPhase section */
		DAE28513280C6ED100A452BF /* Sources */ = {
			isa = PBXSourcesBuildPhase;
			buildActionMask = 2147483647;
			files = (
				DAE28524280C6ED300A452BF /* Persistence.swift in Sources */,
				DAE2851D280C6ED100A452BF /* ContentView.swift in Sources */,
				DAE28527280C6ED300A452BF /* Campus_Guidebook.xcdatamodeld in Sources */,
				DAE2851B280C6ED100A452BF /* Campus_GuidebookApp.swift in Sources */,
			);
			runOnlyForDeploymentPostprocessing = 0;
		};
		DAE28528280C6ED300A452BF /* Sources */ = {
			isa = PBXSourcesBuildPhase;
			buildActionMask = 2147483647;
			files = (
				DAE28531280C6ED300A452BF /* Campus_GuidebookTests.swift in Sources */,
			);
			runOnlyForDeploymentPostprocessing = 0;
		};
		DAE28532280C6ED300A452BF /* Sources */ = {
			isa = PBXSourcesBuildPhase;
			buildActionMask = 2147483647;
			files = (
				DAE2853B280C6ED300A452BF /* Campus_GuidebookUITests.swift in Sources */,
				DAE2853D280C6ED300A452BF /* Campus_GuidebookUITestsLaunchTests.swift in Sources */,
			);
			runOnlyForDeploymentPostprocessing = 0;
		};
/* End PBXSourcesBuildPhase section */

/* Begin PBXTargetDependency section */
		DAE2852E280C6ED300A452BF /* PBXTargetDependency */ = {
			isa = PBXTargetDependency;
			target = DAE28516280C6ED100A452BF /* Campus-Guidebook */;
			targetProxy = DAE2852D280C6ED300A452BF /* PBXContainerItemProxy */;
		};
		DAE28538280C6ED300A452BF /* PBXTargetDependency */ = {
			isa = PBXTargetDependency;
			target = DAE28516280C6ED100A452BF /* Campus-Guidebook */;
			targetProxy = DAE28537280C6ED300A452BF /* PBXContainerItemProxy */;
		};
/* End PBXTargetDependency section */

/* Begin XCBuildConfiguration section */
		DAE2853E280C6ED300A452BF /* Debug */ = {
			isa = XCBuildConfiguration;
			buildSettings = {
				ALWAYS_SEARCH_USER_PATHS = NO;
				CLANG_ANALYZER_NONNULL = YES;
				CLANG_ANALYZER_NUMBER_OBJECT_CONVERSION = YES_AGGRESSIVE;
				CLANG_CXX_LANGUAGE_STANDARD = "gnu++17";
				CLANG_ENABLE_MODULES = YES;
				CLANG_ENABLE_OBJC_ARC = YES;
				CLANG_ENABLE_OBJC_WEAK = YES;
				CLANG_WARN_BLOCK_CAPTURE_AUTORELEASING = YES;
				CLANG_WARN_BOOL_CONVERSION = YES;
				CLANG_WARN_COMMA = YES;
				CLANG_WARN_CONSTANT_CONVERSION = YES;
				CLANG_WARN_DEPRECATED_OBJC_IMPLEMENTATIONS = YES;
				CLANG_WARN_DIRECT_OBJC_ISA_USAGE = YES_ERROR;
				CLANG_WARN_DOCUMENTATION_COMMENTS = YES;
				CLANG_WARN_EMPTY_BODY = YES;
				CLANG_WARN_ENUM_CONVERSION = YES;
				CLANG_WARN_INFINITE_RECURSION = YES;
				CLANG_WARN_INT_CONVERSION = YES;
				CLANG_WARN_NON_LITERAL_NULL_CONVERSION = YES;
				CLANG_WARN_OBJC_IMPLICIT_RETAIN_SELF = YES;
				CLANG_WARN_OBJC_LITERAL_CONVERSION = YES;
				CLANG_WARN_OBJC_ROOT_CLASS = YES_ERROR;
				CLANG_WARN_QUOTED_INCLUDE_IN_FRAMEWORK_HEADER = YES;
				CLANG_WARN_RANGE_LOOP_ANALYSIS = YES;
				CLANG_WARN_STRICT_PROTOTYPES = YES;
				CLANG_WARN_SUSPICIOUS_MOVE = YES;
				CLANG_WARN_UNGUARDED_AVAILABILITY = YES_AGGRESSIVE;
				CLANG_WARN_UNREACHABLE_CODE = YES;
				CLANG_WARN__DUPLICATE_METHOD_MATCH = YES;
				COPY_PHASE_STRIP = NO;
				DEBUG_INFORMATION_FORMAT = dwarf;
				ENABLE_STRICT_OBJC_MSGSEND = YES;
				ENABLE_TESTABILITY = YES;
				GCC_C_LANGUAGE_STANDARD = gnu11;
				GCC_DYNAMIC_NO_PIC = NO;
				GCC_NO_COMMON_BLOCKS = YES;
				GCC_OPTIMIZATION_LEVEL = 0;
				GCC_PREPROCESSOR_DEFINITIONS = (
					"DEBUG=1",
					"$(inherited)",
				);
				GCC_WARN_64_TO_32_BIT_CONVERSION = YES;
				GCC_WARN_ABOUT_RETURN_TYPE = YES_ERROR;
				GCC_WARN_UNDECLARED_SELECTOR = YES;
				GCC_WARN_UNINITIALIZED_AUTOS = YES_AGGRESSIVE;
				GCC_WARN_UNUSED_FUNCTION = YES;
				GCC_WARN_UNUSED_VARIABLE = YES;
				IPHONEOS_DEPLOYMENT_TARGET = 15.4;
				MTL_ENABLE_DEBUG_INFO = INCLUDE_SOURCE;
				MTL_FAST_MATH = YES;
				ONLY_ACTIVE_ARCH = YES;
				SDKROOT = iphoneos;
				SWIFT_ACTIVE_COMPILATION_CONDITIONS = DEBUG;
				SWIFT_OPTIMIZATION_LEVEL = "-Onone";
			};
			name = Debug;
		};
		DAE2853F280C6ED300A452BF /* Release */ = {
			isa = XCBuildConfiguration;
			buildSettings = {
				ALWAYS_SEARCH_USER_PATHS = NO;
				CLANG_ANALYZER_NONNULL = YES;
				CLANG_ANALYZER_NUMBER_OBJECT_CONVERSION = YES_AGGRESSIVE;
				CLANG_CXX_LANGUAGE_STANDARD = "gnu++17";
				CLANG_ENABLE_MODULES = YES;
				CLANG_ENABLE_OBJC_ARC = YES;
				CLANG_ENABLE_OBJC_WEAK = YES;
				CLANG_WARN_BLOCK_CAPTURE_AUTORELEASING = YES;
				CLANG_WARN_BOOL_CONVERSION = YES;
				CLANG_WARN_COMMA = YES;
				CLANG_WARN_CONSTANT_CONVERSION = YES;
				CLANG_WARN_DEPRECATED_OBJC_IMPLEMENTATIONS = YES;
				CLANG_WARN_DIRECT_OBJC_ISA_USAGE = YES_ERROR;
				CLANG_WARN_DOCUMENTATION_COMMENTS = YES;
				CLANG_WARN_EMPTY_BODY = YES;
				CLANG_WARN_ENUM_CONVERSION = YES;
				CLANG_WARN_INFINITE_RECURSION = YES;
				CLANG_WARN_INT_CONVERSION = YES;
				CLANG_WARN_NON_LITERAL_NULL_CONVERSION = YES;
				CLANG_WARN_OBJC_IMPLICIT_RETAIN_SELF = YES;
				CLANG_WARN_OBJC_LITERAL_CONVERSION = YES;
				CLANG_WARN_OBJC_ROOT_CLASS = YES_ERROR;
				CLANG_WARN_QUOTED_INCLUDE_IN_FRAMEWORK_HEADER = YES;
				CLANG_WARN_RANGE_LOOP_ANALYSIS = YES;
				CLANG_WARN_STRICT_PROTOTYPES = YES;
				CLANG_WARN_SUSPICIOUS_MOVE = YES;
				CLANG_WARN_UNGUARDED_AVAILABILITY = YES_AGGRESSIVE;
				CLANG_WARN_UNREACHABLE_CODE = YES;
				CLANG_WARN__DUPLICATE_METHOD_MATCH = YES;
				COPY_PHASE_STRIP = NO;
				DEBUG_INFORMATION_FORMAT = "dwarf-with-dsym";
				ENABLE_NS_ASSERTIONS = NO;
				ENABLE_STRICT_OBJC_MSGSEND = YES;
				GCC_C_LANGUAGE_STANDARD = gnu11;
				GCC_NO_COMMON_BLOCKS = YES;
				GCC_WARN_64_TO_32_BIT_CONVERSION = YES;
				GCC_WARN_ABOUT_RETURN_TYPE = YES_ERROR;
				GCC_WARN_UNDECLARED_SELECTOR = YES;
				GCC_WARN_UNINITIALIZED_AUTOS = YES_AGGRESSIVE;
				GCC_WARN_UNUSED_FUNCTION = YES;
				GCC_WARN_UNUSED_VARIABLE = YES;
				IPHONEOS_DEPLOYMENT_TARGET = 15.4;
				MTL_ENABLE_DEBUG_INFO = NO;
				MTL_FAST_MATH = YES;
				SDKROOT = iphoneos;
				SWIFT_COMPILATION_MODE = wholemodule;
				SWIFT_OPTIMIZATION_LEVEL = "-O";
				VALIDATE_PRODUCT = YES;
			};
			name = Release;
		};
		DAE28541280C6ED300A452BF /* Debug */ = {
			isa = XCBuildConfiguration;
			buildSettings = {
				ASSETCATALOG_COMPILER_APPICON_NAME = AppIcon;
				ASSETCATALOG_COMPILER_GLOBAL_ACCENT_COLOR_NAME = AccentColor;
				CODE_SIGN_STYLE = Automatic;
				CURRENT_PROJECT_VERSION = 1;
				DEVELOPMENT_ASSET_PATHS = "\"Campus-Guidebook/Preview Content\"";
				ENABLE_PREVIEWS = YES;
				GENERATE_INFOPLIST_FILE = YES;
				INFOPLIST_KEY_UIApplicationSceneManifest_Generation = YES;
				INFOPLIST_KEY_UIApplicationSupportsIndirectInputEvents = YES;
				INFOPLIST_KEY_UILaunchScreen_Generation = YES;
				INFOPLIST_KEY_UISupportedInterfaceOrientations_iPad = "UIInterfaceOrientationPortrait UIInterfaceOrientationPortraitUpsideDown UIInterfaceOrientationLandscapeLeft UIInterfaceOrientationLandscapeRight";
				INFOPLIST_KEY_UISupportedInterfaceOrientations_iPhone = "UIInterfaceOrientationPortrait UIInterfaceOrientationLandscapeLeft UIInterfaceOrientationLandscapeRight";
				LD_RUNPATH_SEARCH_PATHS = (
					"$(inherited)",
					"@executable_path/Frameworks",
				);
				MARKETING_VERSION = 1.0;
				PRODUCT_BUNDLE_IDENTIFIER = "com.cascadia.Campus-Guidebook";
				PRODUCT_NAME = "$(TARGET_NAME)";
				SWIFT_EMIT_LOC_STRINGS = YES;
				SWIFT_VERSION = 5.0;
				TARGETED_DEVICE_FAMILY = "1,2";
			};
			name = Debug;
		};
		DAE28542280C6ED300A452BF /* Release */ = {
			isa = XCBuildConfiguration;
			buildSettings = {
				ASSETCATALOG_COMPILER_APPICON_NAME = AppIcon;
				ASSETCATALOG_COMPILER_GLOBAL_ACCENT_COLOR_NAME = AccentColor;
				CODE_SIGN_STYLE = Automatic;
				CURRENT_PROJECT_VERSION = 1;
				DEVELOPMENT_ASSET_PATHS = "\"Campus-Guidebook/Preview Content\"";
				ENABLE_PREVIEWS = YES;
				GENERATE_INFOPLIST_FILE = YES;
				INFOPLIST_KEY_UIApplicationSceneManifest_Generation = YES;
				INFOPLIST_KEY_UIApplicationSupportsIndirectInputEvents = YES;
				INFOPLIST_KEY_UILaunchScreen_Generation = YES;
				INFOPLIST_KEY_UISupportedInterfaceOrientations_iPad = "UIInterfaceOrientationPortrait UIInterfaceOrientationPortraitUpsideDown UIInterfaceOrientationLandscapeLeft UIInterfaceOrientationLandscapeRight";
				INFOPLIST_KEY_UISupportedInterfaceOrientations_iPhone = "UIInterfaceOrientationPortrait UIInterfaceOrientationLandscapeLeft UIInterfaceOrientationLandscapeRight";
				LD_RUNPATH_SEARCH_PATHS = (
					"$(inherited)",
					"@executable_path/Frameworks",
				);
				MARKETING_VERSION = 1.0;
				PRODUCT_BUNDLE_IDENTIFIER = "com.cascadia.Campus-Guidebook";
				PRODUCT_NAME = "$(TARGET_NAME)";
				SWIFT_EMIT_LOC_STRINGS = YES;
				SWIFT_VERSION = 5.0;
				TARGETED_DEVICE_FAMILY = "1,2";
			};
			name = Release;
		};
		DAE28544280C6ED300A452BF /* Debug */ = {
			isa = XCBuildConfiguration;
			buildSettings = {
				ALWAYS_EMBED_SWIFT_STANDARD_LIBRARIES = YES;
				BUNDLE_LOADER = "$(TEST_HOST)";
				CODE_SIGN_STYLE = Automatic;
				CURRENT_PROJECT_VERSION = 1;
				GENERATE_INFOPLIST_FILE = YES;
				IPHONEOS_DEPLOYMENT_TARGET = 15.4;
				MARKETING_VERSION = 1.0;
				PRODUCT_BUNDLE_IDENTIFIER = "com.cascadia.Campus-GuidebookTests";
				PRODUCT_NAME = "$(TARGET_NAME)";
				SWIFT_EMIT_LOC_STRINGS = NO;
				SWIFT_VERSION = 5.0;
				TARGETED_DEVICE_FAMILY = "1,2";
				TEST_HOST = "$(BUILT_PRODUCTS_DIR)/Campus-Guidebook.app/Campus-Guidebook";
			};
			name = Debug;
		};
		DAE28545280C6ED300A452BF /* Release */ = {
			isa = XCBuildConfiguration;
			buildSettings = {
				ALWAYS_EMBED_SWIFT_STANDARD_LIBRARIES = YES;
				BUNDLE_LOADER = "$(TEST_HOST)";
				CODE_SIGN_STYLE = Automatic;
				CURRENT_PROJECT_VERSION = 1;
				GENERATE_INFOPLIST_FILE = YES;
				IPHONEOS_DEPLOYMENT_TARGET = 15.4;
				MARKETING_VERSION = 1.0;
				PRODUCT_BUNDLE_IDENTIFIER = "com.cascadia.Campus-GuidebookTests";
				PRODUCT_NAME = "$(TARGET_NAME)";
				SWIFT_EMIT_LOC_STRINGS = NO;
				SWIFT_VERSION = 5.0;
				TARGETED_DEVICE_FAMILY = "1,2";
				TEST_HOST = "$(BUILT_PRODUCTS_DIR)/Campus-Guidebook.app/Campus-Guidebook";
			};
			name = Release;
		};
		DAE28547280C6ED300A452BF /* Debug */ = {
			isa = XCBuildConfiguration;
			buildSettings = {
				ALWAYS_EMBED_SWIFT_STANDARD_LIBRARIES = YES;
				CODE_SIGN_STYLE = Automatic;
				CURRENT_PROJECT_VERSION = 1;
				GENERATE_INFOPLIST_FILE = YES;
				MARKETING_VERSION = 1.0;
				PRODUCT_BUNDLE_IDENTIFIER = "com.cascadia.Campus-GuidebookUITests";
				PRODUCT_NAME = "$(TARGET_NAME)";
				SWIFT_EMIT_LOC_STRINGS = NO;
				SWIFT_VERSION = 5.0;
				TARGETED_DEVICE_FAMILY = "1,2";
				TEST_TARGET_NAME = "Campus-Guidebook";
			};
			name = Debug;
		};
		DAE28548280C6ED300A452BF /* Release */ = {
			isa = XCBuildConfiguration;
			buildSettings = {
				ALWAYS_EMBED_SWIFT_STANDARD_LIBRARIES = YES;
				CODE_SIGN_STYLE = Automatic;
				CURRENT_PROJECT_VERSION = 1;
				GENERATE_INFOPLIST_FILE = YES;
				MARKETING_VERSION = 1.0;
				PRODUCT_BUNDLE_IDENTIFIER = "com.cascadia.Campus-GuidebookUITests";
				PRODUCT_NAME = "$(TARGET_NAME)";
				SWIFT_EMIT_LOC_STRINGS = NO;
				SWIFT_VERSION = 5.0;
				TARGETED_DEVICE_FAMILY = "1,2";
				TEST_TARGET_NAME = "Campus-Guidebook";
			};
			name = Release;
		};
/* End XCBuildConfiguration section */

/* Begin XCConfigurationList section */
		DAE28512280C6ED100A452BF /* Build configuration list for PBXProject "Campus-Guidebook" */ = {
			isa = XCConfigurationList;
			buildConfigurations = (
				DAE2853E280C6ED300A452BF /* Debug */,
				DAE2853F280C6ED300A452BF /* Release */,
			);
			defaultConfigurationIsVisible = 0;
			defaultConfigurationName = Release;
		};
		DAE28540280C6ED300A452BF /* Build configuration list for PBXNativeTarget "Campus-Guidebook" */ = {
			isa = XCConfigurationList;
			buildConfigurations = (
				DAE28541280C6ED300A452BF /* Debug */,
				DAE28542280C6ED300A452BF /* Release */,
			);
			defaultConfigurationIsVisible = 0;
			defaultConfigurationName = Release;
		};
		DAE28543280C6ED300A452BF /* Build configuration list for PBXNativeTarget "Campus-GuidebookTests" */ = {
			isa = XCConfigurationList;
			buildConfigurations = (
				DAE28544280C6ED300A452BF /* Debug */,
				DAE28545280C6ED300A452BF /* Release */,
			);
			defaultConfigurationIsVisible = 0;
			defaultConfigurationName = Release;
		};
		DAE28546280C6ED300A452BF /* Build configuration list for PBXNativeTarget "Campus-GuidebookUITests" */ = {
			isa = XCConfigurationList;
			buildConfigurations = (
				DAE28547280C6ED300A452BF /* Debug */,
				DAE28548280C6ED300A452BF /* Release */,
			);
			defaultConfigurationIsVisible = 0;
			defaultConfigurationName = Release;
		};
/* End XCConfigurationList section */

/* Begin XCVersionGroup section */
		DAE28525280C6ED300A452BF /* Campus_Guidebook.xcdatamodeld */ = {
			isa = XCVersionGroup;
			children = (
				DAE28526280C6ED300A452BF /* Campus_Guidebook.xcdatamodel */,
			);
			currentVersion = DAE28526280C6ED300A452BF /* Campus_Guidebook.xcdatamodel */;
			path = Campus_Guidebook.xcdatamodeld;
			sourceTree = "<group>";
			versionGroupType = wrapper.xcdatamodel;
		};
/* End XCVersionGroup section */
	};
	rootObject = DAE2850F280C6ED100A452BF /* Project object */;
}
