// !$*UTF8*$!
{
	archiveVersion = 1;
	classes = {
	};
	objectVersion = 55;
	objects = {

/* Begin PBXBuildFile section */
		3F3F50AC281896E00000F1DD /* AppDelegate.swift in Sources */ = {isa = PBXBuildFile; fileRef = 3F3F50AB281896E00000F1DD /* AppDelegate.swift */; };
		3F3F50AE281896E00000F1DD /* SceneDelegate.swift in Sources */ = {isa = PBXBuildFile; fileRef = 3F3F50AD281896E00000F1DD /* SceneDelegate.swift */; };
		3F3F50B0281896E00000F1DD /* ViewController.swift in Sources */ = {isa = PBXBuildFile; fileRef = 3F3F50AF281896E00000F1DD /* ViewController.swift */; };
		3F3F50B3281896E00000F1DD /* Main.storyboard in Resources */ = {isa = PBXBuildFile; fileRef = 3F3F50B1281896E00000F1DD /* Main.storyboard */; };
		3F3F50B6281896E00000F1DD /* Campus_Guidebook_ios.xcdatamodeld in Sources */ = {isa = PBXBuildFile; fileRef = 3F3F50B4281896E00000F1DD /* Campus_Guidebook_ios.xcdatamodeld */; };
		3F3F50B8281896E20000F1DD /* Assets.xcassets in Resources */ = {isa = PBXBuildFile; fileRef = 3F3F50B7281896E20000F1DD /* Assets.xcassets */; };
		3F3F50BB281896E20000F1DD /* LaunchScreen.storyboard in Resources */ = {isa = PBXBuildFile; fileRef = 3F3F50B9281896E20000F1DD /* LaunchScreen.storyboard */; };
		3F3F50C6281896E20000F1DD /* Campus_Guidebook_iosTests.swift in Sources */ = {isa = PBXBuildFile; fileRef = 3F3F50C5281896E20000F1DD /* Campus_Guidebook_iosTests.swift */; };
		3F3F50D0281896E20000F1DD /* Campus_Guidebook_iosUITests.swift in Sources */ = {isa = PBXBuildFile; fileRef = 3F3F50CF281896E20000F1DD /* Campus_Guidebook_iosUITests.swift */; };
		3F3F50D2281896E20000F1DD /* Campus_Guidebook_iosUITestsLaunchTests.swift in Sources */ = {isa = PBXBuildFile; fileRef = 3F3F50D1281896E20000F1DD /* Campus_Guidebook_iosUITestsLaunchTests.swift */; };
		3F3F50DF2818DF020000F1DD /* CollectionViewCell.swift in Sources */ = {isa = PBXBuildFile; fileRef = 3F3F50DE2818DF020000F1DD /* CollectionViewCell.swift */; };
		3F3F50E1281A303D0000F1DD /* DetailsViewController.swift in Sources */ = {isa = PBXBuildFile; fileRef = 3F3F50E0281A303D0000F1DD /* DetailsViewController.swift */; };
		3F3F50E5281B45750000F1DD /* .gitignore in Resources */ = {isa = PBXBuildFile; fileRef = 3F3F50E4281B45750000F1DD /* .gitignore */; };
/* End PBXBuildFile section */

/* Begin PBXContainerItemProxy section */
		3F3F50C2281896E20000F1DD /* PBXContainerItemProxy */ = {
			isa = PBXContainerItemProxy;
			containerPortal = 3F3F50A0281896E00000F1DD /* Project object */;
			proxyType = 1;
			remoteGlobalIDString = 3F3F50A7281896E00000F1DD;
			remoteInfo = "Campus-Guidebook-ios";
		};
		3F3F50CC281896E20000F1DD /* PBXContainerItemProxy */ = {
			isa = PBXContainerItemProxy;
			containerPortal = 3F3F50A0281896E00000F1DD /* Project object */;
			proxyType = 1;
			remoteGlobalIDString = 3F3F50A7281896E00000F1DD;
			remoteInfo = "Campus-Guidebook-ios";
		};
/* End PBXContainerItemProxy section */

/* Begin PBXFileReference section */
		3F3F50A8281896E00000F1DD /* Campus-Guidebook-ios.app */ = {isa = PBXFileReference; explicitFileType = wrapper.application; includeInIndex = 0; path = "Campus-Guidebook-ios.app"; sourceTree = BUILT_PRODUCTS_DIR; };
		3F3F50AB281896E00000F1DD /* AppDelegate.swift */ = {isa = PBXFileReference; lastKnownFileType = sourcecode.swift; path = AppDelegate.swift; sourceTree = "<group>"; };
		3F3F50AD281896E00000F1DD /* SceneDelegate.swift */ = {isa = PBXFileReference; lastKnownFileType = sourcecode.swift; path = SceneDelegate.swift; sourceTree = "<group>"; };
		3F3F50AF281896E00000F1DD /* ViewController.swift */ = {isa = PBXFileReference; lastKnownFileType = sourcecode.swift; path = ViewController.swift; sourceTree = "<group>"; };
		3F3F50B2281896E00000F1DD /* Base */ = {isa = PBXFileReference; lastKnownFileType = file.storyboard; name = Base; path = Base.lproj/Main.storyboard; sourceTree = "<group>"; };
		3F3F50B5281896E00000F1DD /* Campus_Guidebook_ios.xcdatamodel */ = {isa = PBXFileReference; lastKnownFileType = wrapper.xcdatamodel; path = Campus_Guidebook_ios.xcdatamodel; sourceTree = "<group>"; };
		3F3F50B7281896E20000F1DD /* Assets.xcassets */ = {isa = PBXFileReference; lastKnownFileType = folder.assetcatalog; path = Assets.xcassets; sourceTree = "<group>"; };
		3F3F50BA281896E20000F1DD /* Base */ = {isa = PBXFileReference; lastKnownFileType = file.storyboard; name = Base; path = Base.lproj/LaunchScreen.storyboard; sourceTree = "<group>"; };
		3F3F50BC281896E20000F1DD /* Info.plist */ = {isa = PBXFileReference; lastKnownFileType = text.plist.xml; path = Info.plist; sourceTree = "<group>"; };
		3F3F50C1281896E20000F1DD /* Campus-Guidebook-iosTests.xctest */ = {isa = PBXFileReference; explicitFileType = wrapper.cfbundle; includeInIndex = 0; path = "Campus-Guidebook-iosTests.xctest"; sourceTree = BUILT_PRODUCTS_DIR; };
		3F3F50C5281896E20000F1DD /* Campus_Guidebook_iosTests.swift */ = {isa = PBXFileReference; lastKnownFileType = sourcecode.swift; path = Campus_Guidebook_iosTests.swift; sourceTree = "<group>"; };
		3F3F50CB281896E20000F1DD /* Campus-Guidebook-iosUITests.xctest */ = {isa = PBXFileReference; explicitFileType = wrapper.cfbundle; includeInIndex = 0; path = "Campus-Guidebook-iosUITests.xctest"; sourceTree = BUILT_PRODUCTS_DIR; };
		3F3F50CF281896E20000F1DD /* Campus_Guidebook_iosUITests.swift */ = {isa = PBXFileReference; lastKnownFileType = sourcecode.swift; path = Campus_Guidebook_iosUITests.swift; sourceTree = "<group>"; };
		3F3F50D1281896E20000F1DD /* Campus_Guidebook_iosUITestsLaunchTests.swift */ = {isa = PBXFileReference; lastKnownFileType = sourcecode.swift; path = Campus_Guidebook_iosUITestsLaunchTests.swift; sourceTree = "<group>"; };
		3F3F50DE2818DF020000F1DD /* CollectionViewCell.swift */ = {isa = PBXFileReference; lastKnownFileType = sourcecode.swift; path = CollectionViewCell.swift; sourceTree = "<group>"; };
		3F3F50E0281A303D0000F1DD /* DetailsViewController.swift */ = {isa = PBXFileReference; lastKnownFileType = sourcecode.swift; path = DetailsViewController.swift; sourceTree = "<group>"; };
		3F3F50E4281B45750000F1DD /* .gitignore */ = {isa = PBXFileReference; lastKnownFileType = text; path = .gitignore; sourceTree = "<group>"; };
/* End PBXFileReference section */

/* Begin PBXFrameworksBuildPhase section */
		3F3F50A5281896E00000F1DD /* Frameworks */ = {
			isa = PBXFrameworksBuildPhase;
			buildActionMask = 2147483647;
			files = (
			);
			runOnlyForDeploymentPostprocessing = 0;
		};
		3F3F50BE281896E20000F1DD /* Frameworks */ = {
			isa = PBXFrameworksBuildPhase;
			buildActionMask = 2147483647;
			files = (
			);
			runOnlyForDeploymentPostprocessing = 0;
		};
		3F3F50C8281896E20000F1DD /* Frameworks */ = {
			isa = PBXFrameworksBuildPhase;
			buildActionMask = 2147483647;
			files = (
			);
			runOnlyForDeploymentPostprocessing = 0;
		};
/* End PBXFrameworksBuildPhase section */

/* Begin PBXGroup section */
		3F3F509F281896E00000F1DD = {
			isa = PBXGroup;
			children = (
				3F3F50AA281896E00000F1DD /* Campus-Guidebook-ios */,
				3F3F50C4281896E20000F1DD /* Campus-Guidebook-iosTests */,
				3F3F50CE281896E20000F1DD /* Campus-Guidebook-iosUITests */,
				3F3F50A9281896E00000F1DD /* Products */,
			);
			sourceTree = "<group>";
		};
		3F3F50A9281896E00000F1DD /* Products */ = {
			isa = PBXGroup;
			children = (
				3F3F50A8281896E00000F1DD /* Campus-Guidebook-ios.app */,
				3F3F50C1281896E20000F1DD /* Campus-Guidebook-iosTests.xctest */,
				3F3F50CB281896E20000F1DD /* Campus-Guidebook-iosUITests.xctest */,
			);
			name = Products;
			sourceTree = "<group>";
		};
		3F3F50AA281896E00000F1DD /* Campus-Guidebook-ios */ = {
			isa = PBXGroup;
			children = (
				3F3F50AB281896E00000F1DD /* AppDelegate.swift */,
				3F3F50AD281896E00000F1DD /* SceneDelegate.swift */,
				3F3F50AF281896E00000F1DD /* ViewController.swift */,
				3F3F50DE2818DF020000F1DD /* CollectionViewCell.swift */,
				3F3F50B1281896E00000F1DD /* Main.storyboard */,
				3F3F50E0281A303D0000F1DD /* DetailsViewController.swift */,
				3F3F50B7281896E20000F1DD /* Assets.xcassets */,
				3F3F50B9281896E20000F1DD /* LaunchScreen.storyboard */,
				3F3F50BC281896E20000F1DD /* Info.plist */,
				3F3F50B4281896E00000F1DD /* Campus_Guidebook_ios.xcdatamodeld */,
				3F3F50E4281B45750000F1DD /* .gitignore */,
			);
			path = "Campus-Guidebook-ios";
			sourceTree = "<group>";
		};
		3F3F50C4281896E20000F1DD /* Campus-Guidebook-iosTests */ = {
			isa = PBXGroup;
			children = (
				3F3F50C5281896E20000F1DD /* Campus_Guidebook_iosTests.swift */,
			);
			path = "Campus-Guidebook-iosTests";
			sourceTree = "<group>";
		};
		3F3F50CE281896E20000F1DD /* Campus-Guidebook-iosUITests */ = {
			isa = PBXGroup;
			children = (
				3F3F50CF281896E20000F1DD /* Campus_Guidebook_iosUITests.swift */,
				3F3F50D1281896E20000F1DD /* Campus_Guidebook_iosUITestsLaunchTests.swift */,
			);
			path = "Campus-Guidebook-iosUITests";
			sourceTree = "<group>";
		};
/* End PBXGroup section */

/* Begin PBXNativeTarget section */
		3F3F50A7281896E00000F1DD /* Campus-Guidebook-ios */ = {
			isa = PBXNativeTarget;
			buildConfigurationList = 3F3F50D5281896E20000F1DD /* Build configuration list for PBXNativeTarget "Campus-Guidebook-ios" */;
			buildPhases = (
				3F3F50A4281896E00000F1DD /* Sources */,
				3F3F50A5281896E00000F1DD /* Frameworks */,
				3F3F50A6281896E00000F1DD /* Resources */,
			);
			buildRules = (
			);
			dependencies = (
			);
			name = "Campus-Guidebook-ios";
			productName = "Campus-Guidebook-ios";
			productReference = 3F3F50A8281896E00000F1DD /* Campus-Guidebook-ios.app */;
			productType = "com.apple.product-type.application";
		};
		3F3F50C0281896E20000F1DD /* Campus-Guidebook-iosTests */ = {
			isa = PBXNativeTarget;
			buildConfigurationList = 3F3F50D8281896E20000F1DD /* Build configuration list for PBXNativeTarget "Campus-Guidebook-iosTests" */;
			buildPhases = (
				3F3F50BD281896E20000F1DD /* Sources */,
				3F3F50BE281896E20000F1DD /* Frameworks */,
				3F3F50BF281896E20000F1DD /* Resources */,
			);
			buildRules = (
			);
			dependencies = (
				3F3F50C3281896E20000F1DD /* PBXTargetDependency */,
			);
			name = "Campus-Guidebook-iosTests";
			productName = "Campus-Guidebook-iosTests";
			productReference = 3F3F50C1281896E20000F1DD /* Campus-Guidebook-iosTests.xctest */;
			productType = "com.apple.product-type.bundle.unit-test";
		};
		3F3F50CA281896E20000F1DD /* Campus-Guidebook-iosUITests */ = {
			isa = PBXNativeTarget;
			buildConfigurationList = 3F3F50DB281896E20000F1DD /* Build configuration list for PBXNativeTarget "Campus-Guidebook-iosUITests" */;
			buildPhases = (
				3F3F50C7281896E20000F1DD /* Sources */,
				3F3F50C8281896E20000F1DD /* Frameworks */,
				3F3F50C9281896E20000F1DD /* Resources */,
			);
			buildRules = (
			);
			dependencies = (
				3F3F50CD281896E20000F1DD /* PBXTargetDependency */,
			);
			name = "Campus-Guidebook-iosUITests";
			productName = "Campus-Guidebook-iosUITests";
			productReference = 3F3F50CB281896E20000F1DD /* Campus-Guidebook-iosUITests.xctest */;
			productType = "com.apple.product-type.bundle.ui-testing";
		};
/* End PBXNativeTarget section */

/* Begin PBXProject section */
		3F3F50A0281896E00000F1DD /* Project object */ = {
			isa = PBXProject;
			attributes = {
				BuildIndependentTargetsInParallel = 1;
				LastSwiftUpdateCheck = 1330;
				LastUpgradeCheck = 1330;
				TargetAttributes = {
					3F3F50A7281896E00000F1DD = {
						CreatedOnToolsVersion = 13.3.1;
					};
					3F3F50C0281896E20000F1DD = {
						CreatedOnToolsVersion = 13.3.1;
						TestTargetID = 3F3F50A7281896E00000F1DD;
					};
					3F3F50CA281896E20000F1DD = {
						CreatedOnToolsVersion = 13.3.1;
						TestTargetID = 3F3F50A7281896E00000F1DD;
					};
				};
			};
			buildConfigurationList = 3F3F50A3281896E00000F1DD /* Build configuration list for PBXProject "Campus-Guidebook-ios" */;
			compatibilityVersion = "Xcode 13.0";
			developmentRegion = en;
			hasScannedForEncodings = 0;
			knownRegions = (
				en,
				Base,
			);
			mainGroup = 3F3F509F281896E00000F1DD;
			productRefGroup = 3F3F50A9281896E00000F1DD /* Products */;
			projectDirPath = "";
			projectRoot = "";
			targets = (
				3F3F50A7281896E00000F1DD /* Campus-Guidebook-ios */,
				3F3F50C0281896E20000F1DD /* Campus-Guidebook-iosTests */,
				3F3F50CA281896E20000F1DD /* Campus-Guidebook-iosUITests */,
			);
		};
/* End PBXProject section */

/* Begin PBXResourcesBuildPhase section */
		3F3F50A6281896E00000F1DD /* Resources */ = {
			isa = PBXResourcesBuildPhase;
			buildActionMask = 2147483647;
			files = (
				3F3F50E5281B45750000F1DD /* .gitignore in Resources */,
				3F3F50BB281896E20000F1DD /* LaunchScreen.storyboard in Resources */,
				3F3F50B8281896E20000F1DD /* Assets.xcassets in Resources */,
				3F3F50B3281896E00000F1DD /* Main.storyboard in Resources */,
			);
			runOnlyForDeploymentPostprocessing = 0;
		};
		3F3F50BF281896E20000F1DD /* Resources */ = {
			isa = PBXResourcesBuildPhase;
			buildActionMask = 2147483647;
			files = (
			);
			runOnlyForDeploymentPostprocessing = 0;
		};
		3F3F50C9281896E20000F1DD /* Resources */ = {
			isa = PBXResourcesBuildPhase;
			buildActionMask = 2147483647;
			files = (
			);
			runOnlyForDeploymentPostprocessing = 0;
		};
/* End PBXResourcesBuildPhase section */

/* Begin PBXSourcesBuildPhase section */
		3F3F50A4281896E00000F1DD /* Sources */ = {
			isa = PBXSourcesBuildPhase;
			buildActionMask = 2147483647;
			files = (
				3F3F50DF2818DF020000F1DD /* CollectionViewCell.swift in Sources */,
				3F3F50B6281896E00000F1DD /* Campus_Guidebook_ios.xcdatamodeld in Sources */,
				3F3F50B0281896E00000F1DD /* ViewController.swift in Sources */,
				3F3F50AC281896E00000F1DD /* AppDelegate.swift in Sources */,
				3F3F50AE281896E00000F1DD /* SceneDelegate.swift in Sources */,
				3F3F50E1281A303D0000F1DD /* DetailsViewController.swift in Sources */,
			);
			runOnlyForDeploymentPostprocessing = 0;
		};
		3F3F50BD281896E20000F1DD /* Sources */ = {
			isa = PBXSourcesBuildPhase;
			buildActionMask = 2147483647;
			files = (
				3F3F50C6281896E20000F1DD /* Campus_Guidebook_iosTests.swift in Sources */,
			);
			runOnlyForDeploymentPostprocessing = 0;
		};
		3F3F50C7281896E20000F1DD /* Sources */ = {
			isa = PBXSourcesBuildPhase;
			buildActionMask = 2147483647;
			files = (
				3F3F50D0281896E20000F1DD /* Campus_Guidebook_iosUITests.swift in Sources */,
				3F3F50D2281896E20000F1DD /* Campus_Guidebook_iosUITestsLaunchTests.swift in Sources */,
			);
			runOnlyForDeploymentPostprocessing = 0;
		};
/* End PBXSourcesBuildPhase section */

/* Begin PBXTargetDependency section */
		3F3F50C3281896E20000F1DD /* PBXTargetDependency */ = {
			isa = PBXTargetDependency;
			target = 3F3F50A7281896E00000F1DD /* Campus-Guidebook-ios */;
			targetProxy = 3F3F50C2281896E20000F1DD /* PBXContainerItemProxy */;
		};
		3F3F50CD281896E20000F1DD /* PBXTargetDependency */ = {
			isa = PBXTargetDependency;
			target = 3F3F50A7281896E00000F1DD /* Campus-Guidebook-ios */;
			targetProxy = 3F3F50CC281896E20000F1DD /* PBXContainerItemProxy */;
		};
/* End PBXTargetDependency section */

/* Begin PBXVariantGroup section */
		3F3F50B1281896E00000F1DD /* Main.storyboard */ = {
			isa = PBXVariantGroup;
			children = (
				3F3F50B2281896E00000F1DD /* Base */,
			);
			name = Main.storyboard;
			sourceTree = "<group>";
		};
		3F3F50B9281896E20000F1DD /* LaunchScreen.storyboard */ = {
			isa = PBXVariantGroup;
			children = (
				3F3F50BA281896E20000F1DD /* Base */,
			);
			name = LaunchScreen.storyboard;
			sourceTree = "<group>";
		};
/* End PBXVariantGroup section */

/* Begin XCBuildConfiguration section */
		3F3F50D3281896E20000F1DD /* Debug */ = {
			isa = XCBuildConfiguration;
			buildSettings = {
				ALWAYS_SEARCH_USER_PATHS = NO;
				CLANG_ANALYZER_NONNULL = YES;
				CLANG_ANALYZER_NUMBER_OBJECT_CONVERSION = YES_AGGRESSIVE;
				CLANG_CXX_LANGUAGE_STANDARD = "gnu++17";
				CLANG_ENABLE_MODULES = YES;
				CLANG_ENABLE_OBJC_ARC = YES;
				CLANG_ENABLE_OBJC_WEAK = YES;
				CLANG_WARN_BLOCK_CAPTURE_AUTORELEASING = YES;
				CLANG_WARN_BOOL_CONVERSION = YES;
				CLANG_WARN_COMMA = YES;
				CLANG_WARN_CONSTANT_CONVERSION = YES;
				CLANG_WARN_DEPRECATED_OBJC_IMPLEMENTATIONS = YES;
				CLANG_WARN_DIRECT_OBJC_ISA_USAGE = YES_ERROR;
				CLANG_WARN_DOCUMENTATION_COMMENTS = YES;
				CLANG_WARN_EMPTY_BODY = YES;
				CLANG_WARN_ENUM_CONVERSION = YES;
				CLANG_WARN_INFINITE_RECURSION = YES;
				CLANG_WARN_INT_CONVERSION = YES;
				CLANG_WARN_NON_LITERAL_NULL_CONVERSION = YES;
				CLANG_WARN_OBJC_IMPLICIT_RETAIN_SELF = YES;
				CLANG_WARN_OBJC_LITERAL_CONVERSION = YES;
				CLANG_WARN_OBJC_ROOT_CLASS = YES_ERROR;
				CLANG_WARN_QUOTED_INCLUDE_IN_FRAMEWORK_HEADER = YES;
				CLANG_WARN_RANGE_LOOP_ANALYSIS = YES;
				CLANG_WARN_STRICT_PROTOTYPES = YES;
				CLANG_WARN_SUSPICIOUS_MOVE = YES;
				CLANG_WARN_UNGUARDED_AVAILABILITY = YES_AGGRESSIVE;
				CLANG_WARN_UNREACHABLE_CODE = YES;
				CLANG_WARN__DUPLICATE_METHOD_MATCH = YES;
				COPY_PHASE_STRIP = NO;
				DEBUG_INFORMATION_FORMAT = dwarf;
				ENABLE_STRICT_OBJC_MSGSEND = YES;
				ENABLE_TESTABILITY = YES;
				GCC_C_LANGUAGE_STANDARD = gnu11;
				GCC_DYNAMIC_NO_PIC = NO;
				GCC_NO_COMMON_BLOCKS = YES;
				GCC_OPTIMIZATION_LEVEL = 0;
				GCC_PREPROCESSOR_DEFINITIONS = (
					"DEBUG=1",
					"$(inherited)",
				);
				GCC_WARN_64_TO_32_BIT_CONVERSION = YES;
				GCC_WARN_ABOUT_RETURN_TYPE = YES_ERROR;
				GCC_WARN_UNDECLARED_SELECTOR = YES;
				GCC_WARN_UNINITIALIZED_AUTOS = YES_AGGRESSIVE;
				GCC_WARN_UNUSED_FUNCTION = YES;
				GCC_WARN_UNUSED_VARIABLE = YES;
				IPHONEOS_DEPLOYMENT_TARGET = 15.4;
				MTL_ENABLE_DEBUG_INFO = INCLUDE_SOURCE;
				MTL_FAST_MATH = YES;
				ONLY_ACTIVE_ARCH = YES;
				SDKROOT = iphoneos;
				SWIFT_ACTIVE_COMPILATION_CONDITIONS = DEBUG;
				SWIFT_OPTIMIZATION_LEVEL = "-Onone";
			};
			name = Debug;
		};
		3F3F50D4281896E20000F1DD /* Release */ = {
			isa = XCBuildConfiguration;
			buildSettings = {
				ALWAYS_SEARCH_USER_PATHS = NO;
				CLANG_ANALYZER_NONNULL = YES;
				CLANG_ANALYZER_NUMBER_OBJECT_CONVERSION = YES_AGGRESSIVE;
				CLANG_CXX_LANGUAGE_STANDARD = "gnu++17";
				CLANG_ENABLE_MODULES = YES;
				CLANG_ENABLE_OBJC_ARC = YES;
				CLANG_ENABLE_OBJC_WEAK = YES;
				CLANG_WARN_BLOCK_CAPTURE_AUTORELEASING = YES;
				CLANG_WARN_BOOL_CONVERSION = YES;
				CLANG_WARN_COMMA = YES;
				CLANG_WARN_CONSTANT_CONVERSION = YES;
				CLANG_WARN_DEPRECATED_OBJC_IMPLEMENTATIONS = YES;
				CLANG_WARN_DIRECT_OBJC_ISA_USAGE = YES_ERROR;
				CLANG_WARN_DOCUMENTATION_COMMENTS = YES;
				CLANG_WARN_EMPTY_BODY = YES;
				CLANG_WARN_ENUM_CONVERSION = YES;
				CLANG_WARN_INFINITE_RECURSION = YES;
				CLANG_WARN_INT_CONVERSION = YES;
				CLANG_WARN_NON_LITERAL_NULL_CONVERSION = YES;
				CLANG_WARN_OBJC_IMPLICIT_RETAIN_SELF = YES;
				CLANG_WARN_OBJC_LITERAL_CONVERSION = YES;
				CLANG_WARN_OBJC_ROOT_CLASS = YES_ERROR;
				CLANG_WARN_QUOTED_INCLUDE_IN_FRAMEWORK_HEADER = YES;
				CLANG_WARN_RANGE_LOOP_ANALYSIS = YES;
				CLANG_WARN_STRICT_PROTOTYPES = YES;
				CLANG_WARN_SUSPICIOUS_MOVE = YES;
				CLANG_WARN_UNGUARDED_AVAILABILITY = YES_AGGRESSIVE;
				CLANG_WARN_UNREACHABLE_CODE = YES;
				CLANG_WARN__DUPLICATE_METHOD_MATCH = YES;
				COPY_PHASE_STRIP = NO;
				DEBUG_INFORMATION_FORMAT = "dwarf-with-dsym";
				ENABLE_NS_ASSERTIONS = NO;
				ENABLE_STRICT_OBJC_MSGSEND = YES;
				GCC_C_LANGUAGE_STANDARD = gnu11;
				GCC_NO_COMMON_BLOCKS = YES;
				GCC_WARN_64_TO_32_BIT_CONVERSION = YES;
				GCC_WARN_ABOUT_RETURN_TYPE = YES_ERROR;
				GCC_WARN_UNDECLARED_SELECTOR = YES;
				GCC_WARN_UNINITIALIZED_AUTOS = YES_AGGRESSIVE;
				GCC_WARN_UNUSED_FUNCTION = YES;
				GCC_WARN_UNUSED_VARIABLE = YES;
				IPHONEOS_DEPLOYMENT_TARGET = 15.4;
				MTL_ENABLE_DEBUG_INFO = NO;
				MTL_FAST_MATH = YES;
				SDKROOT = iphoneos;
				SWIFT_COMPILATION_MODE = wholemodule;
				SWIFT_OPTIMIZATION_LEVEL = "-O";
				VALIDATE_PRODUCT = YES;
			};
			name = Release;
		};
		3F3F50D6281896E20000F1DD /* Debug */ = {
			isa = XCBuildConfiguration;
			buildSettings = {
				ASSETCATALOG_COMPILER_APPICON_NAME = AppIcon;
				ASSETCATALOG_COMPILER_GLOBAL_ACCENT_COLOR_NAME = AccentColor;
				CODE_SIGN_STYLE = Automatic;
				CURRENT_PROJECT_VERSION = 1;
				GENERATE_INFOPLIST_FILE = YES;
				INFOPLIST_FILE = "Campus-Guidebook-ios/Info.plist";
				INFOPLIST_KEY_UIApplicationSupportsIndirectInputEvents = YES;
				INFOPLIST_KEY_UILaunchStoryboardName = LaunchScreen;
				INFOPLIST_KEY_UIMainStoryboardFile = Main;
				INFOPLIST_KEY_UISupportedInterfaceOrientations_iPad = "UIInterfaceOrientationPortrait UIInterfaceOrientationPortraitUpsideDown UIInterfaceOrientationLandscapeLeft UIInterfaceOrientationLandscapeRight";
				INFOPLIST_KEY_UISupportedInterfaceOrientations_iPhone = "UIInterfaceOrientationPortrait UIInterfaceOrientationLandscapeLeft UIInterfaceOrientationLandscapeRight";
				LD_RUNPATH_SEARCH_PATHS = (
					"$(inherited)",
					"@executable_path/Frameworks",
				);
				MARKETING_VERSION = 1.0;
				PRODUCT_BUNDLE_IDENTIFIER = "com.cascadia.Campus-Guidebook-ios";
				PRODUCT_NAME = "$(TARGET_NAME)";
				SWIFT_EMIT_LOC_STRINGS = YES;
				SWIFT_VERSION = 5.0;
				TARGETED_DEVICE_FAMILY = "1,2";
			};
			name = Debug;
		};
		3F3F50D7281896E20000F1DD /* Release */ = {
			isa = XCBuildConfiguration;
			buildSettings = {
				ASSETCATALOG_COMPILER_APPICON_NAME = AppIcon;
				ASSETCATALOG_COMPILER_GLOBAL_ACCENT_COLOR_NAME = AccentColor;
				CODE_SIGN_STYLE = Automatic;
				CURRENT_PROJECT_VERSION = 1;
				GENERATE_INFOPLIST_FILE = YES;
				INFOPLIST_FILE = "Campus-Guidebook-ios/Info.plist";
				INFOPLIST_KEY_UIApplicationSupportsIndirectInputEvents = YES;
				INFOPLIST_KEY_UILaunchStoryboardName = LaunchScreen;
				INFOPLIST_KEY_UIMainStoryboardFile = Main;
				INFOPLIST_KEY_UISupportedInterfaceOrientations_iPad = "UIInterfaceOrientationPortrait UIInterfaceOrientationPortraitUpsideDown UIInterfaceOrientationLandscapeLeft UIInterfaceOrientationLandscapeRight";
				INFOPLIST_KEY_UISupportedInterfaceOrientations_iPhone = "UIInterfaceOrientationPortrait UIInterfaceOrientationLandscapeLeft UIInterfaceOrientationLandscapeRight";
				LD_RUNPATH_SEARCH_PATHS = (
					"$(inherited)",
					"@executable_path/Frameworks",
				);
				MARKETING_VERSION = 1.0;
				PRODUCT_BUNDLE_IDENTIFIER = "com.cascadia.Campus-Guidebook-ios";
				PRODUCT_NAME = "$(TARGET_NAME)";
				SWIFT_EMIT_LOC_STRINGS = YES;
				SWIFT_VERSION = 5.0;
				TARGETED_DEVICE_FAMILY = "1,2";
			};
			name = Release;
		};
		3F3F50D9281896E20000F1DD /* Debug */ = {
			isa = XCBuildConfiguration;
			buildSettings = {
				ALWAYS_EMBED_SWIFT_STANDARD_LIBRARIES = YES;
				BUNDLE_LOADER = "$(TEST_HOST)";
				CODE_SIGN_STYLE = Automatic;
				CURRENT_PROJECT_VERSION = 1;
				GENERATE_INFOPLIST_FILE = YES;
				IPHONEOS_DEPLOYMENT_TARGET = 15.4;
				MARKETING_VERSION = 1.0;
				PRODUCT_BUNDLE_IDENTIFIER = "com.cascadia.Campus-Guidebook-iosTests";
				PRODUCT_NAME = "$(TARGET_NAME)";
				SWIFT_EMIT_LOC_STRINGS = NO;
				SWIFT_VERSION = 5.0;
				TARGETED_DEVICE_FAMILY = "1,2";
				TEST_HOST = "$(BUILT_PRODUCTS_DIR)/Campus-Guidebook-ios.app/Campus-Guidebook-ios";
			};
			name = Debug;
		};
		3F3F50DA281896E20000F1DD /* Release */ = {
			isa = XCBuildConfiguration;
			buildSettings = {
				ALWAYS_EMBED_SWIFT_STANDARD_LIBRARIES = YES;
				BUNDLE_LOADER = "$(TEST_HOST)";
				CODE_SIGN_STYLE = Automatic;
				CURRENT_PROJECT_VERSION = 1;
				GENERATE_INFOPLIST_FILE = YES;
				IPHONEOS_DEPLOYMENT_TARGET = 15.4;
				MARKETING_VERSION = 1.0;
				PRODUCT_BUNDLE_IDENTIFIER = "com.cascadia.Campus-Guidebook-iosTests";
				PRODUCT_NAME = "$(TARGET_NAME)";
				SWIFT_EMIT_LOC_STRINGS = NO;
				SWIFT_VERSION = 5.0;
				TARGETED_DEVICE_FAMILY = "1,2";
				TEST_HOST = "$(BUILT_PRODUCTS_DIR)/Campus-Guidebook-ios.app/Campus-Guidebook-ios";
			};
			name = Release;
		};
		3F3F50DC281896E20000F1DD /* Debug */ = {
			isa = XCBuildConfiguration;
			buildSettings = {
				ALWAYS_EMBED_SWIFT_STANDARD_LIBRARIES = YES;
				CODE_SIGN_STYLE = Automatic;
				CURRENT_PROJECT_VERSION = 1;
				GENERATE_INFOPLIST_FILE = YES;
				MARKETING_VERSION = 1.0;
				PRODUCT_BUNDLE_IDENTIFIER = "com.cascadia.Campus-Guidebook-iosUITests";
				PRODUCT_NAME = "$(TARGET_NAME)";
				SWIFT_EMIT_LOC_STRINGS = NO;
				SWIFT_VERSION = 5.0;
				TARGETED_DEVICE_FAMILY = "1,2";
				TEST_TARGET_NAME = "Campus-Guidebook-ios";
			};
			name = Debug;
		};
		3F3F50DD281896E20000F1DD /* Release */ = {
			isa = XCBuildConfiguration;
			buildSettings = {
				ALWAYS_EMBED_SWIFT_STANDARD_LIBRARIES = YES;
				CODE_SIGN_STYLE = Automatic;
				CURRENT_PROJECT_VERSION = 1;
				GENERATE_INFOPLIST_FILE = YES;
				MARKETING_VERSION = 1.0;
				PRODUCT_BUNDLE_IDENTIFIER = "com.cascadia.Campus-Guidebook-iosUITests";
				PRODUCT_NAME = "$(TARGET_NAME)";
				SWIFT_EMIT_LOC_STRINGS = NO;
				SWIFT_VERSION = 5.0;
				TARGETED_DEVICE_FAMILY = "1,2";
				TEST_TARGET_NAME = "Campus-Guidebook-ios";
			};
			name = Release;
		};
/* End XCBuildConfiguration section */

/* Begin XCConfigurationList section */
		3F3F50A3281896E00000F1DD /* Build configuration list for PBXProject "Campus-Guidebook-ios" */ = {
			isa = XCConfigurationList;
			buildConfigurations = (
				3F3F50D3281896E20000F1DD /* Debug */,
				3F3F50D4281896E20000F1DD /* Release */,
			);
			defaultConfigurationIsVisible = 0;
			defaultConfigurationName = Release;
		};
		3F3F50D5281896E20000F1DD /* Build configuration list for PBXNativeTarget "Campus-Guidebook-ios" */ = {
			isa = XCConfigurationList;
			buildConfigurations = (
				3F3F50D6281896E20000F1DD /* Debug */,
				3F3F50D7281896E20000F1DD /* Release */,
			);
			defaultConfigurationIsVisible = 0;
			defaultConfigurationName = Release;
		};
		3F3F50D8281896E20000F1DD /* Build configuration list for PBXNativeTarget "Campus-Guidebook-iosTests" */ = {
			isa = XCConfigurationList;
			buildConfigurations = (
				3F3F50D9281896E20000F1DD /* Debug */,
				3F3F50DA281896E20000F1DD /* Release */,
			);
			defaultConfigurationIsVisible = 0;
			defaultConfigurationName = Release;
		};
		3F3F50DB281896E20000F1DD /* Build configuration list for PBXNativeTarget "Campus-Guidebook-iosUITests" */ = {
			isa = XCConfigurationList;
			buildConfigurations = (
				3F3F50DC281896E20000F1DD /* Debug */,
				3F3F50DD281896E20000F1DD /* Release */,
			);
			defaultConfigurationIsVisible = 0;
			defaultConfigurationName = Release;
		};
/* End XCConfigurationList section */

/* Begin XCVersionGroup section */
		3F3F50B4281896E00000F1DD /* Campus_Guidebook_ios.xcdatamodeld */ = {
			isa = XCVersionGroup;
			children = (
				3F3F50B5281896E00000F1DD /* Campus_Guidebook_ios.xcdatamodel */,
			);
			currentVersion = 3F3F50B5281896E00000F1DD /* Campus_Guidebook_ios.xcdatamodel */;
			path = Campus_Guidebook_ios.xcdatamodeld;
			sourceTree = "<group>";
			versionGroupType = wrapper.xcdatamodel;
		};
/* End XCVersionGroup section */
	};
	rootObject = 3F3F50A0281896E00000F1DD /* Project object */;
}
